// !$*UTF8*$!
{
	archiveVersion = 1;
	classes = {
	};
	objectVersion = 50;
	objects = {

/* Begin PBXBuildFile section */
		764199DA22023B4300D64391 /* AppDelegate.swift in Sources */ = {isa = PBXBuildFile; fileRef = 764199D922023B4300D64391 /* AppDelegate.swift */; };
		764199DC22023B4300D64391 /* HomeViewController.swift in Sources */ = {isa = PBXBuildFile; fileRef = 764199DB22023B4300D64391 /* HomeViewController.swift */; };
		764199DF22023B4300D64391 /* Main.storyboard in Resources */ = {isa = PBXBuildFile; fileRef = 764199DD22023B4300D64391 /* Main.storyboard */; };
		764199E122023B4400D64391 /* Assets.xcassets in Resources */ = {isa = PBXBuildFile; fileRef = 764199E022023B4400D64391 /* Assets.xcassets */; };
		764199E422023B4400D64391 /* LaunchScreen.storyboard in Resources */ = {isa = PBXBuildFile; fileRef = 764199E222023B4400D64391 /* LaunchScreen.storyboard */; };
		764199EC22023F7900D64391 /* TourViewController.swift in Sources */ = {isa = PBXBuildFile; fileRef = 764199EB22023F7900D64391 /* TourViewController.swift */; };
		764199EE22023F8100D64391 /* ProfileViewController.swift in Sources */ = {isa = PBXBuildFile; fileRef = 764199ED22023F8100D64391 /* ProfileViewController.swift */; };
/* End PBXBuildFile section */

/* Begin PBXFileReference section */
		764199D622023B4300D64391 /* Tourio.app */ = {isa = PBXFileReference; explicitFileType = wrapper.application; includeInIndex = 0; path = Tourio.app; sourceTree = BUILT_PRODUCTS_DIR; };
		764199D922023B4300D64391 /* AppDelegate.swift */ = {isa = PBXFileReference; lastKnownFileType = sourcecode.swift; path = AppDelegate.swift; sourceTree = "<group>"; };
		764199DB22023B4300D64391 /* HomeViewController.swift */ = {isa = PBXFileReference; lastKnownFileType = sourcecode.swift; path = HomeViewController.swift; sourceTree = "<group>"; };
		764199DE22023B4300D64391 /* Base */ = {isa = PBXFileReference; lastKnownFileType = file.storyboard; name = Base; path = Base.lproj/Main.storyboard; sourceTree = "<group>"; };
		764199E022023B4400D64391 /* Assets.xcassets */ = {isa = PBXFileReference; lastKnownFileType = folder.assetcatalog; path = Assets.xcassets; sourceTree = "<group>"; };
		764199E322023B4400D64391 /* Base */ = {isa = PBXFileReference; lastKnownFileType = file.storyboard; name = Base; path = Base.lproj/LaunchScreen.storyboard; sourceTree = "<group>"; };
		764199E522023B4400D64391 /* Info.plist */ = {isa = PBXFileReference; lastKnownFileType = text.plist.xml; path = Info.plist; sourceTree = "<group>"; };
		764199EB22023F7900D64391 /* TourViewController.swift */ = {isa = PBXFileReference; lastKnownFileType = sourcecode.swift; path = TourViewController.swift; sourceTree = "<group>"; };
		764199ED22023F8100D64391 /* ProfileViewController.swift */ = {isa = PBXFileReference; lastKnownFileType = sourcecode.swift; path = ProfileViewController.swift; sourceTree = "<group>"; };
/* End PBXFileReference section */

/* Begin PBXFrameworksBuildPhase section */
		764199D322023B4300D64391 /* Frameworks */ = {
			isa = PBXFrameworksBuildPhase;
			buildActionMask = 2147483647;
			files = (
			);
			runOnlyForDeploymentPostprocessing = 0;
		};
/* End PBXFrameworksBuildPhase section */

/* Begin PBXGroup section */
		764199CD22023B4300D64391 = {
			isa = PBXGroup;
			children = (
				764199D822023B4300D64391 /* Tourio */,
				764199D722023B4300D64391 /* Products */,
			);
			sourceTree = "<group>";
		};
		764199D722023B4300D64391 /* Products */ = {
			isa = PBXGroup;
			children = (
				764199D622023B4300D64391 /* Tourio.app */,
			);
			name = Products;
			sourceTree = "<group>";
		};
		764199D822023B4300D64391 /* Tourio */ = {
			isa = PBXGroup;
			children = (
				764199D922023B4300D64391 /* AppDelegate.swift */,
				764199DD22023B4300D64391 /* Main.storyboard */,
				764199DB22023B4300D64391 /* HomeViewController.swift */,
				764199EB22023F7900D64391 /* TourViewController.swift */,
				764199ED22023F8100D64391 /* ProfileViewController.swift */,
				764199E022023B4400D64391 /* Assets.xcassets */,
				764199E222023B4400D64391 /* LaunchScreen.storyboard */,
				764199E522023B4400D64391 /* Info.plist */,
			);
			path = Tourio;
			sourceTree = "<group>";
		};
/* End PBXGroup section */

/* Begin PBXNativeTarget section */
		764199D522023B4300D64391 /* Tourio */ = {
			isa = PBXNativeTarget;
			buildConfigurationList = 764199E822023B4400D64391 /* Build configuration list for PBXNativeTarget "Tourio" */;
			buildPhases = (
				764199D222023B4300D64391 /* Sources */,
				764199D322023B4300D64391 /* Frameworks */,
				764199D422023B4300D64391 /* Resources */,
			);
			buildRules = (
			);
			dependencies = (
			);
			name = Tourio;
			productName = Tourio;
			productReference = 764199D622023B4300D64391 /* Tourio.app */;
			productType = "com.apple.product-type.application";
		};
/* End PBXNativeTarget section */

/* Begin PBXProject section */
		764199CE22023B4300D64391 /* Project object */ = {
			isa = PBXProject;
			attributes = {
				LastSwiftUpdateCheck = 1010;
				LastUpgradeCheck = 1010;
				ORGANIZATIONNAME = "Wigglesworth, Elizabeth G";
				TargetAttributes = {
					764199D522023B4300D64391 = {
						CreatedOnToolsVersion = 10.1;
					};
				};
			};
			buildConfigurationList = 764199D122023B4300D64391 /* Build configuration list for PBXProject "Tourio" */;
			compatibilityVersion = "Xcode 9.3";
			developmentRegion = en;
			hasScannedForEncodings = 0;
			knownRegions = (
				en,
				Base,
			);
			mainGroup = 764199CD22023B4300D64391;
			productRefGroup = 764199D722023B4300D64391 /* Products */;
			projectDirPath = "";
			projectRoot = "";
			targets = (
				764199D522023B4300D64391 /* Tourio */,
			);
		};
/* End PBXProject section */

/* Begin PBXResourcesBuildPhase section */
		764199D422023B4300D64391 /* Resources */ = {
			isa = PBXResourcesBuildPhase;
			buildActionMask = 2147483647;
			files = (
				764199E422023B4400D64391 /* LaunchScreen.storyboard in Resources */,
				764199E122023B4400D64391 /* Assets.xcassets in Resources */,
				764199DF22023B4300D64391 /* Main.storyboard in Resources */,
			);
			runOnlyForDeploymentPostprocessing = 0;
		};
/* End PBXResourcesBuildPhase section */

/* Begin PBXSourcesBuildPhase section */
		764199D222023B4300D64391 /* Sources */ = {
			isa = PBXSourcesBuildPhase;
			buildActionMask = 2147483647;
			files = (
				764199DC22023B4300D64391 /* HomeViewController.swift in Sources */,
				764199EC22023F7900D64391 /* TourViewController.swift in Sources */,
				764199EE22023F8100D64391 /* ProfileViewController.swift in Sources */,
				764199DA22023B4300D64391 /* AppDelegate.swift in Sources */,
			);
			runOnlyForDeploymentPostprocessing = 0;
		};
/* End PBXSourcesBuildPhase section */

/* Begin PBXVariantGroup section */
		764199DD22023B4300D64391 /* Main.storyboard */ = {
			isa = PBXVariantGroup;
			children = (
				764199DE22023B4300D64391 /* Base */,
			);
			name = Main.storyboard;
			sourceTree = "<group>";
		};
		764199E222023B4400D64391 /* LaunchScreen.storyboard */ = {
			isa = PBXVariantGroup;
			children = (
				764199E322023B4400D64391 /* Base */,
			);
			name = LaunchScreen.storyboard;
			sourceTree = "<group>";
		};
/* End PBXVariantGroup section */

/* Begin XCBuildConfiguration section */
		764199E622023B4400D64391 /* Debug */ = {
			isa = XCBuildConfiguration;
			buildSettings = {
				ALWAYS_SEARCH_USER_PATHS = NO;
				CLANG_ANALYZER_NONNULL = YES;
				CLANG_ANALYZER_NUMBER_OBJECT_CONVERSION = YES_AGGRESSIVE;
				CLANG_CXX_LANGUAGE_STANDARD = "gnu++14";
				CLANG_CXX_LIBRARY = "libc++";
				CLANG_ENABLE_MODULES = YES;
				CLANG_ENABLE_OBJC_ARC = YES;
				CLANG_ENABLE_OBJC_WEAK = YES;
				CLANG_WARN_BLOCK_CAPTURE_AUTORELEASING = YES;
				CLANG_WARN_BOOL_CONVERSION = YES;
				CLANG_WARN_COMMA = YES;
				CLANG_WARN_CONSTANT_CONVERSION = YES;
				CLANG_WARN_DEPRECATED_OBJC_IMPLEMENTATIONS = YES;
				CLANG_WARN_DIRECT_OBJC_ISA_USAGE = YES_ERROR;
				CLANG_WARN_DOCUMENTATION_COMMENTS = YES;
				CLANG_WARN_EMPTY_BODY = YES;
				CLANG_WARN_ENUM_CONVERSION = YES;
				CLANG_WARN_INFINITE_RECURSION = YES;
				CLANG_WARN_INT_CONVERSION = YES;
				CLANG_WARN_NON_LITERAL_NULL_CONVERSION = YES;
				CLANG_WARN_OBJC_IMPLICIT_RETAIN_SELF = YES;
				CLANG_WARN_OBJC_LITERAL_CONVERSION = YES;
				CLANG_WARN_OBJC_ROOT_CLASS = YES_ERROR;
				CLANG_WARN_RANGE_LOOP_ANALYSIS = YES;
				CLANG_WARN_STRICT_PROTOTYPES = YES;
				CLANG_WARN_SUSPICIOUS_MOVE = YES;
				CLANG_WARN_UNGUARDED_AVAILABILITY = YES_AGGRESSIVE;
				CLANG_WARN_UNREACHABLE_CODE = YES;
				CLANG_WARN__DUPLICATE_METHOD_MATCH = YES;
				CODE_SIGN_IDENTITY = "iPhone Developer";
				COPY_PHASE_STRIP = NO;
				DEBUG_INFORMATION_FORMAT = dwarf;
				ENABLE_STRICT_OBJC_MSGSEND = YES;
				ENABLE_TESTABILITY = YES;
				GCC_C_LANGUAGE_STANDARD = gnu11;
				GCC_DYNAMIC_NO_PIC = NO;
				GCC_NO_COMMON_BLOCKS = YES;
				GCC_OPTIMIZATION_LEVEL = 0;
				GCC_PREPROCESSOR_DEFINITIONS = (
					"DEBUG=1",
					"$(inherited)",
				);
				GCC_WARN_64_TO_32_BIT_CONVERSION = YES;
				GCC_WARN_ABOUT_RETURN_TYPE = YES_ERROR;
				GCC_WARN_UNDECLARED_SELECTOR = YES;
				GCC_WARN_UNINITIALIZED_AUTOS = YES_AGGRESSIVE;
				GCC_WARN_UNUSED_FUNCTION = YES;
				GCC_WARN_UNUSED_VARIABLE = YES;
				IPHONEOS_DEPLOYMENT_TARGET = 12.1;
				MTL_ENABLE_DEBUG_INFO = INCLUDE_SOURCE;
				MTL_FAST_MATH = YES;
				ONLY_ACTIVE_ARCH = YES;
				SDKROOT = iphoneos;
				SWIFT_ACTIVE_COMPILATION_CONDITIONS = DEBUG;
				SWIFT_OPTIMIZATION_LEVEL = "-Onone";
			};
			name = Debug;
		};
		764199E722023B4400D64391 /* Release */ = {
			isa = XCBuildConfiguration;
			buildSettings = {
				ALWAYS_SEARCH_USER_PATHS = NO;
				CLANG_ANALYZER_NONNULL = YES;
				CLANG_ANALYZER_NUMBER_OBJECT_CONVERSION = YES_AGGRESSIVE;
				CLANG_CXX_LANGUAGE_STANDARD = "gnu++14";
				CLANG_CXX_LIBRARY = "libc++";
				CLANG_ENABLE_MODULES = YES;
				CLANG_ENABLE_OBJC_ARC = YES;
				CLANG_ENABLE_OBJC_WEAK = YES;
				CLANG_WARN_BLOCK_CAPTURE_AUTORELEASING = YES;
				CLANG_WARN_BOOL_CONVERSION = YES;
				CLANG_WARN_COMMA = YES;
				CLANG_WARN_CONSTANT_CONVERSION = YES;
				CLANG_WARN_DEPRECATED_OBJC_IMPLEMENTATIONS = YES;
				CLANG_WARN_DIRECT_OBJC_ISA_USAGE = YES_ERROR;
				CLANG_WARN_DOCUMENTATION_COMMENTS = YES;
				CLANG_WARN_EMPTY_BODY = YES;
				CLANG_WARN_ENUM_CONVERSION = YES;
				CLANG_WARN_INFINITE_RECURSION = YES;
				CLANG_WARN_INT_CONVERSION = YES;
				CLANG_WARN_NON_LITERAL_NULL_CONVERSION = YES;
				CLANG_WARN_OBJC_IMPLICIT_RETAIN_SELF = YES;
				CLANG_WARN_OBJC_LITERAL_CONVERSION = YES;
				CLANG_WARN_OBJC_ROOT_CLASS = YES_ERROR;
				CLANG_WARN_RANGE_LOOP_ANALYSIS = YES;
				CLANG_WARN_STRICT_PROTOTYPES = YES;
				CLANG_WARN_SUSPICIOUS_MOVE = YES;
				CLANG_WARN_UNGUARDED_AVAILABILITY = YES_AGGRESSIVE;
				CLANG_WARN_UNREACHABLE_CODE = YES;
				CLANG_WARN__DUPLICATE_METHOD_MATCH = YES;
				CODE_SIGN_IDENTITY = "iPhone Developer";
				COPY_PHASE_STRIP = NO;
				DEBUG_INFORMATION_FORMAT = "dwarf-with-dsym";
				ENABLE_NS_ASSERTIONS = NO;
				ENABLE_STRICT_OBJC_MSGSEND = YES;
				GCC_C_LANGUAGE_STANDARD = gnu11;
				GCC_NO_COMMON_BLOCKS = YES;
				GCC_WARN_64_TO_32_BIT_CONVERSION = YES;
				GCC_WARN_ABOUT_RETURN_TYPE = YES_ERROR;
				GCC_WARN_UNDECLARED_SELECTOR = YES;
				GCC_WARN_UNINITIALIZED_AUTOS = YES_AGGRESSIVE;
				GCC_WARN_UNUSED_FUNCTION = YES;
				GCC_WARN_UNUSED_VARIABLE = YES;
				IPHONEOS_DEPLOYMENT_TARGET = 12.1;
				MTL_ENABLE_DEBUG_INFO = NO;
				MTL_FAST_MATH = YES;
				SDKROOT = iphoneos;
				SWIFT_COMPILATION_MODE = wholemodule;
				SWIFT_OPTIMIZATION_LEVEL = "-O";
				VALIDATE_PRODUCT = YES;
			};
			name = Release;
		};
		764199E922023B4400D64391 /* Debug */ = {
			isa = XCBuildConfiguration;
			buildSettings = {
				ASSETCATALOG_COMPILER_APPICON_NAME = AppIcon;
				CODE_SIGN_STYLE = Automatic;
				DEVELOPMENT_TEAM = PH554VWTX9;
				INFOPLIST_FILE = Tourio/Info.plist;
				LD_RUNPATH_SEARCH_PATHS = (
					"$(inherited)",
					"@executable_path/Frameworks",
				);
				PRODUCT_BUNDLE_IDENTIFIER = io.lizgw.Tourio;
				PRODUCT_NAME = "$(TARGET_NAME)";
				SWIFT_VERSION = 4.2;
				TARGETED_DEVICE_FAMILY = "1,2";
			};
			name = Debug;
		};
		764199EA22023B4400D64391 /* Release */ = {
			isa = XCBuildConfiguration;
			buildSettings = {
				ASSETCATALOG_COMPILER_APPICON_NAME = AppIcon;
				CODE_SIGN_STYLE = Automatic;
				DEVELOPMENT_TEAM = PH554VWTX9;
				INFOPLIST_FILE = Tourio/Info.plist;
				LD_RUNPATH_SEARCH_PATHS = (
					"$(inherited)",
					"@executable_path/Frameworks",
				);
				PRODUCT_BUNDLE_IDENTIFIER = io.lizgw.Tourio;
				PRODUCT_NAME = "$(TARGET_NAME)";
				SWIFT_VERSION = 4.2;
				TARGETED_DEVICE_FAMILY = "1,2";
			};
			name = Release;
		};
/* End XCBuildConfiguration section */

/* Begin XCConfigurationList section */
		764199D122023B4300D64391 /* Build configuration list for PBXProject "Tourio" */ = {
			isa = XCConfigurationList;
			buildConfigurations = (
				764199E622023B4400D64391 /* Debug */,
				764199E722023B4400D64391 /* Release */,
			);
			defaultConfigurationIsVisible = 0;
			defaultConfigurationName = Release;
		};
		764199E822023B4400D64391 /* Build configuration list for PBXNativeTarget "Tourio" */ = {
			isa = XCConfigurationList;
			buildConfigurations = (
				764199E922023B4400D64391 /* Debug */,
				764199EA22023B4400D64391 /* Release */,
			);
			defaultConfigurationIsVisible = 0;
			defaultConfigurationName = Release;
		};
/* End XCConfigurationList section */
	};
	rootObject = 764199CE22023B4300D64391 /* Project object */;
}
